
Microsoft Visual Studio Solution File, Format Version 12.00
# Visual Studio Version 17
VisualStudioVersion = 17.9.34723.18
MinimumVisualStudioVersion = 10.0.40219.1
Project("{FAE04EC0-301F-11D3-BF4B-00C04F79EFBC}") = "LibroTechFiestaV2", "LibroTechFiestaV2.csproj", "{BC408C75-A4CB-4504-AA91-8862F0C6CD4A}"
EndProject
Global
	GlobalSection(SolutionConfigurationPlatforms) = preSolution
		Debug|Any CPU = Debug|Any CPU
		Release|Any CPU = Release|Any CPU
	EndGlobalSection
	GlobalSection(ProjectConfigurationPlatforms) = postSolution
		{BC408C75-A4CB-4504-AA91-8862F0C6CD4A}.Debug|Any CPU.ActiveCfg = Debug|Any CPU
		{BC408C75-A4CB-4504-AA91-8862F0C6CD4A}.Debug|Any CPU.Build.0 = Debug|Any CPU
		{BC408C75-A4CB-4504-AA91-8862F0C6CD4A}.Release|Any CPU.ActiveCfg = Release|Any CPU
		{BC408C75-A4CB-4504-AA91-8862F0C6CD4A}.Release|Any CPU.Build.0 = Release|Any CPU
	EndGlobalSection
	GlobalSection(SolutionProperties) = preSolution
		HideSolutionNode = FALSE
	EndGlobalSection
	GlobalSection(ExtensibilityGlobals) = postSolution
		SolutionGuid = {DC684666-5475-42F1-ACFA-AC1815B6D55B}
	EndGlobalSection
EndGlobal
